
Microsoft Visual Studio Solution File, Format Version 12.00
# Visual Studio Version 17
VisualStudioVersion = 17.5.33627.172
MinimumVisualStudioVersion = 10.0.40219.1
Project("{FAE04EC0-301F-11D3-BF4B-00C04F79EFBC}") = "StudentApp", "StudentApp\StudentApp.csproj", "{FBCD6FDB-8ECA-4282-AD77-6A052E3EE8FA}"
EndProject
Global
	GlobalSection(SolutionConfigurationPlatforms) = preSolution
		Debug|Any CPU = Debug|Any CPU
		Release|Any CPU = Release|Any CPU
	EndGlobalSection
	GlobalSection(ProjectConfigurationPlatforms) = postSolution
		{FBCD6FDB-8ECA-4282-AD77-6A052E3EE8FA}.Debug|Any CPU.ActiveCfg = Debug|Any CPU
		{FBCD6FDB-8ECA-4282-AD77-6A052E3EE8FA}.Debug|Any CPU.Build.0 = Debug|Any CPU
		{FBCD6FDB-8ECA-4282-AD77-6A052E3EE8FA}.Release|Any CPU.ActiveCfg = Release|Any CPU
		{FBCD6FDB-8ECA-4282-AD77-6A052E3EE8FA}.Release|Any CPU.Build.0 = Release|Any CPU
	EndGlobalSection
	GlobalSection(SolutionProperties) = preSolution
		HideSolutionNode = FALSE
	EndGlobalSection
	GlobalSection(ExtensibilityGlobals) = postSolution
		SolutionGuid = {182A7C2F-D992-44D5-A806-D7C656B791A0}
	EndGlobalSection
EndGlobal
